// !$*UTF8*$!
{
	archiveVersion = 1;
	classes = {
	};
	objectVersion = 56;
	objects = {

/* Begin PBXBuildFile section */
		DA46E5C32B45997F0070821A /* AppDelegate.swift in Sources */ = {isa = PBXBuildFile; fileRef = DA46E5C22B45997F0070821A /* AppDelegate.swift */; };
		DA46E5C52B45997F0070821A /* SceneDelegate.swift in Sources */ = {isa = PBXBuildFile; fileRef = DA46E5C42B45997F0070821A /* SceneDelegate.swift */; };
		DA46E5C72B45997F0070821A /* StocksViewController.swift in Sources */ = {isa = PBXBuildFile; fileRef = DA46E5C62B45997F0070821A /* StocksViewController.swift */; };
		DA46E5CA2B45997F0070821A /* StocksView.storyboard in Resources */ = {isa = PBXBuildFile; fileRef = DA46E5C82B45997F0070821A /* StocksView.storyboard */; };
		DA46E5CC2B4599810070821A /* Assets.xcassets in Resources */ = {isa = PBXBuildFile; fileRef = DA46E5CB2B4599810070821A /* Assets.xcassets */; };
		DA46E5CF2B4599810070821A /* LaunchScreen.storyboard in Resources */ = {isa = PBXBuildFile; fileRef = DA46E5CD2B4599810070821A /* LaunchScreen.storyboard */; };
		DA46E5D82B45D4680070821A /* NetworkManager.swift in Sources */ = {isa = PBXBuildFile; fileRef = DA46E5D72B45D4680070821A /* NetworkManager.swift */; };
		DA46E5DE2B45D6C70070821A /* StocksTableViewCell.swift in Sources */ = {isa = PBXBuildFile; fileRef = DA46E5DC2B45D6C70070821A /* StocksTableViewCell.swift */; };
		DA46E5DF2B45D6C70070821A /* StocksTableViewCell.xib in Resources */ = {isa = PBXBuildFile; fileRef = DA46E5DD2B45D6C70070821A /* StocksTableViewCell.xib */; };
		DA46E5E12B45F3D10070821A /* StocksViewModel.swift in Sources */ = {isa = PBXBuildFile; fileRef = DA46E5E02B45F3D10070821A /* StocksViewModel.swift */; };
		DA46E5E42B45F4760070821A /* StocksModel.swift in Sources */ = {isa = PBXBuildFile; fileRef = DA46E5E32B45F4750070821A /* StocksModel.swift */; };
		DA9C76152B4C0A3C00A8B7EF /* UIViewController+Extension.swift in Sources */ = {isa = PBXBuildFile; fileRef = DA9C76142B4C0A3C00A8B7EF /* UIViewController+Extension.swift */; };
		DAA0C9BD2B4857A900D1A2A2 /* StockCellModel.swift in Sources */ = {isa = PBXBuildFile; fileRef = DAA0C9BC2B4857A900D1A2A2 /* StockCellModel.swift */; };
		DACF5D912B4AC15A00944D2F /* UIView+Extension.swift in Sources */ = {isa = PBXBuildFile; fileRef = DACF5D902B4AC15A00944D2F /* UIView+Extension.swift */; };
/* End PBXBuildFile section */

/* Begin PBXFileReference section */
		DA46E5BF2B45997F0070821A /* ForInvestCase.app */ = {isa = PBXFileReference; explicitFileType = wrapper.application; includeInIndex = 0; path = ForInvestCase.app; sourceTree = BUILT_PRODUCTS_DIR; };
		DA46E5C22B45997F0070821A /* AppDelegate.swift */ = {isa = PBXFileReference; lastKnownFileType = sourcecode.swift; path = AppDelegate.swift; sourceTree = "<group>"; };
		DA46E5C42B45997F0070821A /* SceneDelegate.swift */ = {isa = PBXFileReference; lastKnownFileType = sourcecode.swift; path = SceneDelegate.swift; sourceTree = "<group>"; };
		DA46E5C62B45997F0070821A /* StocksViewController.swift */ = {isa = PBXFileReference; lastKnownFileType = sourcecode.swift; path = StocksViewController.swift; sourceTree = "<group>"; };
		DA46E5C92B45997F0070821A /* Base */ = {isa = PBXFileReference; lastKnownFileType = file.storyboard; name = Base; path = Base.lproj/StocksView.storyboard; sourceTree = "<group>"; };
		DA46E5CB2B4599810070821A /* Assets.xcassets */ = {isa = PBXFileReference; lastKnownFileType = folder.assetcatalog; path = Assets.xcassets; sourceTree = "<group>"; };
		DA46E5CE2B4599810070821A /* Base */ = {isa = PBXFileReference; lastKnownFileType = file.storyboard; name = Base; path = Base.lproj/LaunchScreen.storyboard; sourceTree = "<group>"; };
		DA46E5D02B4599810070821A /* Info.plist */ = {isa = PBXFileReference; lastKnownFileType = text.plist.xml; path = Info.plist; sourceTree = "<group>"; };
		DA46E5D72B45D4680070821A /* NetworkManager.swift */ = {isa = PBXFileReference; lastKnownFileType = sourcecode.swift; path = NetworkManager.swift; sourceTree = "<group>"; };
		DA46E5DC2B45D6C70070821A /* StocksTableViewCell.swift */ = {isa = PBXFileReference; lastKnownFileType = sourcecode.swift; path = StocksTableViewCell.swift; sourceTree = "<group>"; };
		DA46E5DD2B45D6C70070821A /* StocksTableViewCell.xib */ = {isa = PBXFileReference; lastKnownFileType = file.xib; path = StocksTableViewCell.xib; sourceTree = "<group>"; };
		DA46E5E02B45F3D10070821A /* StocksViewModel.swift */ = {isa = PBXFileReference; lastKnownFileType = sourcecode.swift; path = StocksViewModel.swift; sourceTree = "<group>"; };
		DA46E5E32B45F4750070821A /* StocksModel.swift */ = {isa = PBXFileReference; lastKnownFileType = sourcecode.swift; path = StocksModel.swift; sourceTree = "<group>"; };
		DA9C76142B4C0A3C00A8B7EF /* UIViewController+Extension.swift */ = {isa = PBXFileReference; lastKnownFileType = sourcecode.swift; path = "UIViewController+Extension.swift"; sourceTree = "<group>"; };
		DAA0C9BC2B4857A900D1A2A2 /* StockCellModel.swift */ = {isa = PBXFileReference; lastKnownFileType = sourcecode.swift; path = StockCellModel.swift; sourceTree = "<group>"; };
		DACF5D902B4AC15A00944D2F /* UIView+Extension.swift */ = {isa = PBXFileReference; lastKnownFileType = sourcecode.swift; path = "UIView+Extension.swift"; sourceTree = "<group>"; };
/* End PBXFileReference section */

/* Begin PBXFrameworksBuildPhase section */
		DA46E5BC2B45997F0070821A /* Frameworks */ = {
			isa = PBXFrameworksBuildPhase;
			buildActionMask = 2147483647;
			files = (
			);
			runOnlyForDeploymentPostprocessing = 0;
		};
/* End PBXFrameworksBuildPhase section */

/* Begin PBXGroup section */
		DA29B0202B46211F0058A7EB /* Support */ = {
			isa = PBXGroup;
			children = (
				DA46E5C22B45997F0070821A /* AppDelegate.swift */,
				DA46E5C42B45997F0070821A /* SceneDelegate.swift */,
				DA46E5CB2B4599810070821A /* Assets.xcassets */,
				DA46E5CD2B4599810070821A /* LaunchScreen.storyboard */,
				DA46E5D02B4599810070821A /* Info.plist */,
			);
			path = Support;
			sourceTree = "<group>";
		};
		DA46E5B62B45997E0070821A = {
			isa = PBXGroup;
			children = (
				DA46E5C12B45997F0070821A /* ForInvestCase */,
				DA46E5C02B45997F0070821A /* Products */,
			);
			sourceTree = "<group>";
		};
		DA46E5C02B45997F0070821A /* Products */ = {
			isa = PBXGroup;
			children = (
				DA46E5BF2B45997F0070821A /* ForInvestCase.app */,
			);
			name = Products;
			sourceTree = "<group>";
		};
		DA46E5C12B45997F0070821A /* ForInvestCase */ = {
			isa = PBXGroup;
			children = (
				DACF5D8F2B4AC14B00944D2F /* Extension */,
				DA46E5D62B45D4580070821A /* Webservice */,
				DA46E5E22B45F46A0070821A /* Model */,
				DA46E5D92B45D5E90070821A /* ViewModel */,
				DA46E5DA2B45D6040070821A /* View */,
				DA29B0202B46211F0058A7EB /* Support */,
			);
			path = ForInvestCase;
			sourceTree = "<group>";
		};
		DA46E5D62B45D4580070821A /* Webservice */ = {
			isa = PBXGroup;
			children = (
				DA46E5D72B45D4680070821A /* NetworkManager.swift */,
			);
			path = Webservice;
			sourceTree = "<group>";
		};
		DA46E5D92B45D5E90070821A /* ViewModel */ = {
			isa = PBXGroup;
			children = (
				DA46E5E02B45F3D10070821A /* StocksViewModel.swift */,
			);
			path = ViewModel;
			sourceTree = "<group>";
		};
		DA46E5DA2B45D6040070821A /* View */ = {
			isa = PBXGroup;
			children = (
				DA46E5C82B45997F0070821A /* StocksView.storyboard */,
				DA46E5C62B45997F0070821A /* StocksViewController.swift */,
				DA46E5DB2B45D6AD0070821A /* TableViewCell */,
			);
			path = View;
			sourceTree = "<group>";
		};
		DA46E5DB2B45D6AD0070821A /* TableViewCell */ = {
			isa = PBXGroup;
			children = (
				DA46E5DC2B45D6C70070821A /* StocksTableViewCell.swift */,
				DA46E5DD2B45D6C70070821A /* StocksTableViewCell.xib */,
			);
			path = TableViewCell;
			sourceTree = "<group>";
		};
		DA46E5E22B45F46A0070821A /* Model */ = {
			isa = PBXGroup;
			children = (
				DA46E5E32B45F4750070821A /* StocksModel.swift */,
				DAA0C9BC2B4857A900D1A2A2 /* StockCellModel.swift */,
			);
			path = Model;
			sourceTree = "<group>";
		};
		DACF5D8F2B4AC14B00944D2F /* Extension */ = {
			isa = PBXGroup;
			children = (
				DACF5D902B4AC15A00944D2F /* UIView+Extension.swift */,
				DA9C76142B4C0A3C00A8B7EF /* UIViewController+Extension.swift */,
			);
			path = Extension;
			sourceTree = "<group>";
		};
/* End PBXGroup section */

/* Begin PBXNativeTarget section */
		DA46E5BE2B45997F0070821A /* ForInvestCase */ = {
			isa = PBXNativeTarget;
			buildConfigurationList = DA46E5D32B4599810070821A /* Build configuration list for PBXNativeTarget "ForInvestCase" */;
			buildPhases = (
				DA46E5BB2B45997F0070821A /* Sources */,
				DA46E5BC2B45997F0070821A /* Frameworks */,
				DA46E5BD2B45997F0070821A /* Resources */,
			);
			buildRules = (
			);
			dependencies = (
			);
			name = ForInvestCase;
			productName = ForInvestCase;
			productReference = DA46E5BF2B45997F0070821A /* ForInvestCase.app */;
			productType = "com.apple.product-type.application";
		};
/* End PBXNativeTarget section */

/* Begin PBXProject section */
		DA46E5B72B45997E0070821A /* Project object */ = {
			isa = PBXProject;
			attributes = {
				BuildIndependentTargetsInParallel = 1;
				LastSwiftUpdateCheck = 1510;
				LastUpgradeCheck = 1510;
				TargetAttributes = {
					DA46E5BE2B45997F0070821A = {
						CreatedOnToolsVersion = 15.1;
					};
				};
			};
			buildConfigurationList = DA46E5BA2B45997E0070821A /* Build configuration list for PBXProject "ForInvestCase" */;
			compatibilityVersion = "Xcode 14.0";
			developmentRegion = en;
			hasScannedForEncodings = 0;
			knownRegions = (
				en,
				Base,
			);
			mainGroup = DA46E5B62B45997E0070821A;
			productRefGroup = DA46E5C02B45997F0070821A /* Products */;
			projectDirPath = "";
			projectRoot = "";
			targets = (
				DA46E5BE2B45997F0070821A /* ForInvestCase */,
			);
		};
/* End PBXProject section */

/* Begin PBXResourcesBuildPhase section */
		DA46E5BD2B45997F0070821A /* Resources */ = {
			isa = PBXResourcesBuildPhase;
			buildActionMask = 2147483647;
			files = (
				DA46E5CF2B4599810070821A /* LaunchScreen.storyboard in Resources */,
				DA46E5DF2B45D6C70070821A /* StocksTableViewCell.xib in Resources */,
				DA46E5CC2B4599810070821A /* Assets.xcassets in Resources */,
				DA46E5CA2B45997F0070821A /* StocksView.storyboard in Resources */,
			);
			runOnlyForDeploymentPostprocessing = 0;
		};
/* End PBXResourcesBuildPhase section */

/* Begin PBXSourcesBuildPhase section */
		DA46E5BB2B45997F0070821A /* Sources */ = {
			isa = PBXSourcesBuildPhase;
			buildActionMask = 2147483647;
			files = (
				DA46E5DE2B45D6C70070821A /* StocksTableViewCell.swift in Sources */,
				DA46E5D82B45D4680070821A /* NetworkManager.swift in Sources */,
				DA46E5C72B45997F0070821A /* StocksViewController.swift in Sources */,
				DACF5D912B4AC15A00944D2F /* UIView+Extension.swift in Sources */,
				DA46E5E42B45F4760070821A /* StocksModel.swift in Sources */,
				DAA0C9BD2B4857A900D1A2A2 /* StockCellModel.swift in Sources */,
				DA46E5C32B45997F0070821A /* AppDelegate.swift in Sources */,
				DA46E5E12B45F3D10070821A /* StocksViewModel.swift in Sources */,
				DA9C76152B4C0A3C00A8B7EF /* UIViewController+Extension.swift in Sources */,
				DA46E5C52B45997F0070821A /* SceneDelegate.swift in Sources */,
			);
			runOnlyForDeploymentPostprocessing = 0;
		};
/* End PBXSourcesBuildPhase section */

/* Begin PBXVariantGroup section */
		DA46E5C82B45997F0070821A /* StocksView.storyboard */ = {
			isa = PBXVariantGroup;
			children = (
				DA46E5C92B45997F0070821A /* Base */,
			);
			name = StocksView.storyboard;
			sourceTree = "<group>";
		};
		DA46E5CD2B4599810070821A /* LaunchScreen.storyboard */ = {
			isa = PBXVariantGroup;
			children = (
				DA46E5CE2B4599810070821A /* Base */,
			);
			name = LaunchScreen.storyboard;
			sourceTree = "<group>";
		};
/* End PBXVariantGroup section */

/* Begin XCBuildConfiguration section */
		DA46E5D12B4599810070821A /* Debug */ = {
			isa = XCBuildConfiguration;
			buildSettings = {
				ALWAYS_SEARCH_USER_PATHS = NO;
				ASSETCATALOG_COMPILER_GENERATE_SWIFT_ASSET_SYMBOL_EXTENSIONS = YES;
				CLANG_ANALYZER_NONNULL = YES;
				CLANG_ANALYZER_NUMBER_OBJECT_CONVERSION = YES_AGGRESSIVE;
				CLANG_CXX_LANGUAGE_STANDARD = "gnu++20";
				CLANG_ENABLE_MODULES = YES;
				CLANG_ENABLE_OBJC_ARC = YES;
				CLANG_ENABLE_OBJC_WEAK = YES;
				CLANG_WARN_BLOCK_CAPTURE_AUTORELEASING = YES;
				CLANG_WARN_BOOL_CONVERSION = YES;
				CLANG_WARN_COMMA = YES;
				CLANG_WARN_CONSTANT_CONVERSION = YES;
				CLANG_WARN_DEPRECATED_OBJC_IMPLEMENTATIONS = YES;
				CLANG_WARN_DIRECT_OBJC_ISA_USAGE = YES_ERROR;
				CLANG_WARN_DOCUMENTATION_COMMENTS = YES;
				CLANG_WARN_EMPTY_BODY = YES;
				CLANG_WARN_ENUM_CONVERSION = YES;
				CLANG_WARN_INFINITE_RECURSION = YES;
				CLANG_WARN_INT_CONVERSION = YES;
				CLANG_WARN_NON_LITERAL_NULL_CONVERSION = YES;
				CLANG_WARN_OBJC_IMPLICIT_RETAIN_SELF = YES;
				CLANG_WARN_OBJC_LITERAL_CONVERSION = YES;
				CLANG_WARN_OBJC_ROOT_CLASS = YES_ERROR;
				CLANG_WARN_QUOTED_INCLUDE_IN_FRAMEWORK_HEADER = YES;
				CLANG_WARN_RANGE_LOOP_ANALYSIS = YES;
				CLANG_WARN_STRICT_PROTOTYPES = YES;
				CLANG_WARN_SUSPICIOUS_MOVE = YES;
				CLANG_WARN_UNGUARDED_AVAILABILITY = YES_AGGRESSIVE;
				CLANG_WARN_UNREACHABLE_CODE = YES;
				CLANG_WARN__DUPLICATE_METHOD_MATCH = YES;
				COPY_PHASE_STRIP = NO;
				DEBUG_INFORMATION_FORMAT = dwarf;
				ENABLE_STRICT_OBJC_MSGSEND = YES;
				ENABLE_TESTABILITY = YES;
				ENABLE_USER_SCRIPT_SANDBOXING = YES;
				GCC_C_LANGUAGE_STANDARD = gnu17;
				GCC_DYNAMIC_NO_PIC = NO;
				GCC_NO_COMMON_BLOCKS = YES;
				GCC_OPTIMIZATION_LEVEL = 0;
				GCC_PREPROCESSOR_DEFINITIONS = (
					"DEBUG=1",
					"$(inherited)",
				);
				GCC_WARN_64_TO_32_BIT_CONVERSION = YES;
				GCC_WARN_ABOUT_RETURN_TYPE = YES_ERROR;
				GCC_WARN_UNDECLARED_SELECTOR = YES;
				GCC_WARN_UNINITIALIZED_AUTOS = YES_AGGRESSIVE;
				GCC_WARN_UNUSED_FUNCTION = YES;
				GCC_WARN_UNUSED_VARIABLE = YES;
				IPHONEOS_DEPLOYMENT_TARGET = 16.0;
				LOCALIZATION_PREFERS_STRING_CATALOGS = YES;
				MTL_ENABLE_DEBUG_INFO = INCLUDE_SOURCE;
				MTL_FAST_MATH = YES;
				ONLY_ACTIVE_ARCH = YES;
				SDKROOT = iphoneos;
				SWIFT_ACTIVE_COMPILATION_CONDITIONS = "DEBUG $(inherited)";
				SWIFT_OPTIMIZATION_LEVEL = "-Onone";
			};
			name = Debug;
		};
		DA46E5D22B4599810070821A /* Release */ = {
			isa = XCBuildConfiguration;
			buildSettings = {
				ALWAYS_SEARCH_USER_PATHS = NO;
				ASSETCATALOG_COMPILER_GENERATE_SWIFT_ASSET_SYMBOL_EXTENSIONS = YES;
				CLANG_ANALYZER_NONNULL = YES;
				CLANG_ANALYZER_NUMBER_OBJECT_CONVERSION = YES_AGGRESSIVE;
				CLANG_CXX_LANGUAGE_STANDARD = "gnu++20";
				CLANG_ENABLE_MODULES = YES;
				CLANG_ENABLE_OBJC_ARC = YES;
				CLANG_ENABLE_OBJC_WEAK = YES;
				CLANG_WARN_BLOCK_CAPTURE_AUTORELEASING = YES;
				CLANG_WARN_BOOL_CONVERSION = YES;
				CLANG_WARN_COMMA = YES;
				CLANG_WARN_CONSTANT_CONVERSION = YES;
				CLANG_WARN_DEPRECATED_OBJC_IMPLEMENTATIONS = YES;
				CLANG_WARN_DIRECT_OBJC_ISA_USAGE = YES_ERROR;
				CLANG_WARN_DOCUMENTATION_COMMENTS = YES;
				CLANG_WARN_EMPTY_BODY = YES;
				CLANG_WARN_ENUM_CONVERSION = YES;
				CLANG_WARN_INFINITE_RECURSION = YES;
				CLANG_WARN_INT_CONVERSION = YES;
				CLANG_WARN_NON_LITERAL_NULL_CONVERSION = YES;
				CLANG_WARN_OBJC_IMPLICIT_RETAIN_SELF = YES;
				CLANG_WARN_OBJC_LITERAL_CONVERSION = YES;
				CLANG_WARN_OBJC_ROOT_CLASS = YES_ERROR;
				CLANG_WARN_QUOTED_INCLUDE_IN_FRAMEWORK_HEADER = YES;
				CLANG_WARN_RANGE_LOOP_ANALYSIS = YES;
				CLANG_WARN_STRICT_PROTOTYPES = YES;
				CLANG_WARN_SUSPICIOUS_MOVE = YES;
				CLANG_WARN_UNGUARDED_AVAILABILITY = YES_AGGRESSIVE;
				CLANG_WARN_UNREACHABLE_CODE = YES;
				CLANG_WARN__DUPLICATE_METHOD_MATCH = YES;
				COPY_PHASE_STRIP = NO;
				DEBUG_INFORMATION_FORMAT = "dwarf-with-dsym";
				ENABLE_NS_ASSERTIONS = NO;
				ENABLE_STRICT_OBJC_MSGSEND = YES;
				ENABLE_USER_SCRIPT_SANDBOXING = YES;
				GCC_C_LANGUAGE_STANDARD = gnu17;
				GCC_NO_COMMON_BLOCKS = YES;
				GCC_WARN_64_TO_32_BIT_CONVERSION = YES;
				GCC_WARN_ABOUT_RETURN_TYPE = YES_ERROR;
				GCC_WARN_UNDECLARED_SELECTOR = YES;
				GCC_WARN_UNINITIALIZED_AUTOS = YES_AGGRESSIVE;
				GCC_WARN_UNUSED_FUNCTION = YES;
				GCC_WARN_UNUSED_VARIABLE = YES;
				IPHONEOS_DEPLOYMENT_TARGET = 16.0;
				LOCALIZATION_PREFERS_STRING_CATALOGS = YES;
				MTL_ENABLE_DEBUG_INFO = NO;
				MTL_FAST_MATH = YES;
				SDKROOT = iphoneos;
				SWIFT_COMPILATION_MODE = wholemodule;
				VALIDATE_PRODUCT = YES;
			};
			name = Release;
		};
		DA46E5D42B4599810070821A /* Debug */ = {
			isa = XCBuildConfiguration;
			buildSettings = {
				ASSETCATALOG_COMPILER_APPICON_NAME = AppIcon;
				ASSETCATALOG_COMPILER_GLOBAL_ACCENT_COLOR_NAME = AccentColor;
				CODE_SIGN_STYLE = Automatic;
				CURRENT_PROJECT_VERSION = 1;
				DEVELOPMENT_TEAM = UF8RP58SUS;
				GENERATE_INFOPLIST_FILE = YES;
				INFOPLIST_FILE = ForInvestCase/Support/Info.plist;
				INFOPLIST_KEY_UIApplicationSupportsIndirectInputEvents = YES;
				INFOPLIST_KEY_UILaunchStoryboardName = LaunchScreen;
				INFOPLIST_KEY_UIMainStoryboardFile = StocksView;
				INFOPLIST_KEY_UISupportedInterfaceOrientations_iPad = "UIInterfaceOrientationPortrait UIInterfaceOrientationPortraitUpsideDown UIInterfaceOrientationLandscapeLeft UIInterfaceOrientationLandscapeRight";
				INFOPLIST_KEY_UISupportedInterfaceOrientations_iPhone = "UIInterfaceOrientationPortrait UIInterfaceOrientationLandscapeLeft UIInterfaceOrientationLandscapeRight";
				LD_RUNPATH_SEARCH_PATHS = (
					"$(inherited)",
					"@executable_path/Frameworks",
				);
				MARKETING_VERSION = 1.0;
				PRODUCT_BUNDLE_IDENTIFIER = com.dogaerdemir.ForInvestCase;
				PRODUCT_NAME = "$(TARGET_NAME)";
				SWIFT_EMIT_LOC_STRINGS = YES;
				SWIFT_VERSION = 5.0;
				TARGETED_DEVICE_FAMILY = "1,2";
			};
			name = Debug;
		};
		DA46E5D52B4599810070821A /* Release */ = {
			isa = XCBuildConfiguration;
			buildSettings = {
				ASSETCATALOG_COMPILER_APPICON_NAME = AppIcon;
				ASSETCATALOG_COMPILER_GLOBAL_ACCENT_COLOR_NAME = AccentColor;
				CODE_SIGN_STYLE = Automatic;
				CURRENT_PROJECT_VERSION = 1;
				DEVELOPMENT_TEAM = UF8RP58SUS;
				GENERATE_INFOPLIST_FILE = YES;
				INFOPLIST_FILE = ForInvestCase/Support/Info.plist;
				INFOPLIST_KEY_UIApplicationSupportsIndirectInputEvents = YES;
				INFOPLIST_KEY_UILaunchStoryboardName = LaunchScreen;
				INFOPLIST_KEY_UIMainStoryboardFile = StocksView;
				INFOPLIST_KEY_UISupportedInterfaceOrientations_iPad = "UIInterfaceOrientationPortrait UIInterfaceOrientationPortraitUpsideDown UIInterfaceOrientationLandscapeLeft UIInterfaceOrientationLandscapeRight";
				INFOPLIST_KEY_UISupportedInterfaceOrientations_iPhone = "UIInterfaceOrientationPortrait UIInterfaceOrientationLandscapeLeft UIInterfaceOrientationLandscapeRight";
				LD_RUNPATH_SEARCH_PATHS = (
					"$(inherited)",
					"@executable_path/Frameworks",
				);
				MARKETING_VERSION = 1.0;
				PRODUCT_BUNDLE_IDENTIFIER = com.dogaerdemir.ForInvestCase;
				PRODUCT_NAME = "$(TARGET_NAME)";
				SWIFT_EMIT_LOC_STRINGS = YES;
				SWIFT_VERSION = 5.0;
				TARGETED_DEVICE_FAMILY = "1,2";
			};
			name = Release;
		};
/* End XCBuildConfiguration section */

/* Begin XCConfigurationList section */
		DA46E5BA2B45997E0070821A /* Build configuration list for PBXProject "ForInvestCase" */ = {
			isa = XCConfigurationList;
			buildConfigurations = (
				DA46E5D12B4599810070821A /* Debug */,
				DA46E5D22B4599810070821A /* Release */,
			);
			defaultConfigurationIsVisible = 0;
			defaultConfigurationName = Release;
		};
		DA46E5D32B4599810070821A /* Build configuration list for PBXNativeTarget "ForInvestCase" */ = {
			isa = XCConfigurationList;
			buildConfigurations = (
				DA46E5D42B4599810070821A /* Debug */,
				DA46E5D52B4599810070821A /* Release */,
			);
			defaultConfigurationIsVisible = 0;
			defaultConfigurationName = Release;
		};
/* End XCConfigurationList section */
	};
	rootObject = DA46E5B72B45997E0070821A /* Project object */;
}
